
Microsoft Visual Studio Solution File, Format Version 12.00
# Visual Studio Version 17
VisualStudioVersion = 17.7.34009.444
MinimumVisualStudioVersion = 10.0.40219.1
Project("{FAE04EC0-301F-11D3-BF4B-00C04F79EFBC}") = "UmumiTekrar2", "UmumiTekrar2\UmumiTekrar2.csproj", "{4FDCF94D-E62B-4317-8157-559D3C1B72D8}"
EndProject
Global
	GlobalSection(SolutionConfigurationPlatforms) = preSolution
		Debug|Any CPU = Debug|Any CPU
		Release|Any CPU = Release|Any CPU
	EndGlobalSection
	GlobalSection(ProjectConfigurationPlatforms) = postSolution
		{4FDCF94D-E62B-4317-8157-559D3C1B72D8}.Debug|Any CPU.ActiveCfg = Debug|Any CPU
		{4FDCF94D-E62B-4317-8157-559D3C1B72D8}.Debug|Any CPU.Build.0 = Debug|Any CPU
		{4FDCF94D-E62B-4317-8157-559D3C1B72D8}.Release|Any CPU.ActiveCfg = Release|Any CPU
		{4FDCF94D-E62B-4317-8157-559D3C1B72D8}.Release|Any CPU.Build.0 = Release|Any CPU
	EndGlobalSection
	GlobalSection(SolutionProperties) = preSolution
		HideSolutionNode = FALSE
	EndGlobalSection
	GlobalSection(ExtensibilityGlobals) = postSolution
		SolutionGuid = {D791E11D-333F-47A7-B14E-9076665CA866}
	EndGlobalSection
EndGlobal
